github.com/aws/aws-lambda-go v1.33.0 h1:n4kw3zie82vPpLLN58ahlYHBz9k8QeK2svQep+jGnB8=
github.com/aws/aws-lambda-go v1.33.0/go.mod h1:jwFe2KmMsHmffA1X2R09hH6lFzJQxzI8qK17ewzbQMM=
github.com/davecgh/go-spew v1.1.1 h1:vj9j/u1bqnvCEfJOwUhtlOARqs3+rkHYY13jYWTU97c=
github.com/go-rod/rod v0.108.1 h1:2lKs+v/+B/2pbGKZgNIRbURhduTKNDZ3PXIvTRAV2Mg=
github.com/go-rod/rod v0.108.1/go.mod h1:yNvL687cwcjgebRuArQN9AStFdm8iS/e/rzImrS9Pzg=
github.com/pmezard/go-difflib v1.0.0 h1:4DBwDE0NGyQoBHbLQYPwSUPoCMWR5BEzIk/f1lZbAQM=
github.com/ssoroka/slice v0.0.0-20220402005549-78f0cea3df8b h1:nDFJ1KYD1CSRP3nHtkvCH+ztuoz+QW++OvCLgpS6kQE=
github.com/ssoroka/slice v0.0.0-20220402005549-78f0cea3df8b/go.mod h1:l4Ov7Zo7X3/MCC+pefg/lN7x8X8FKb1Ub7oxosKKJa0=
github.com/stretchr/testify v1.7.2 h1:4jaiDzPyXQvSd7D0EjG45355tLlV3VOECpq10pLC+8s=
github.com/ysmood/goob v0.4.0 h1:HsxXhyLBeGzWXnqVKtmT9qM7EuVs/XOgkX7T6r1o1AQ=
github.com/ysmood/goob v0.4.0/go.mod h1:u6yx7ZhS4Exf2MwciFr6nIM8knHQIE22lFpWHnfql18=
github.com/ysmood/got v0.31.2 h1:+aNBkkXrVqZ0UJfeiOfuGbKq3kiJarjNl371Nxz6zLA=
github.com/ysmood/got v0.31.2/go.mod h1:pE1l4LOwOBhQg6A/8IAatkGp7uZjnalzrZolnlhhMgY=
github.com/ysmood/gotrace v0.6.0 h1:SyI1d4jclswLhg7SWTL6os3L1WOKeNn/ZtzVQF8QmdY=
github.com/ysmood/gotrace v0.6.0/go.mod h1:TzhIG7nHDry5//eYZDYcTzuJLYQIkykJzCRIo4/dzQM=
github.com/ysmood/gson v0.7.1/go.mod h1:3Kzs5zDl21g5F/BlLTNcuAGAYLKt2lV5G8D1zF3RNmg=
github.com/ysmood/gson v0.7.2 h1:1iWUvpi5DPvd2j59W7ifRPR9DiAZ3Ga+fmMl1mJrRbM=
github.com/ysmood/gson v0.7.2/go.mod h1:3Kzs5zDl21g5F/BlLTNcuAGAYLKt2lV5G8D1zF3RNmg=
github.com/ysmood/leakless v0.8.0 h1:BzLrVoiwxikpgEQR0Lk8NyBN5Cit2b1z+u0mgL4ZJak=
github.com/ysmood/leakless v0.8.0/go.mod h1:R8iAXPRaG97QJwqxs74RdwzcRHT1SWCGTNqY8q0JvMQ=
gopkg.in/yaml.v3 v3.0.1 h1:fxVm/GzAzEWqLHuvctI91KS9hhNmmWOoWu0XTYJS7CA=
